
Microsoft Visual Studio Solution File, Format Version 12.00
# Visual Studio Version 16
VisualStudioVersion = 16.0.30907.101
MinimumVisualStudioVersion = 10.0.40219.1
Project("{2150E333-8FDC-42A3-9474-1A3956D46DE8}") = "Framework", "Framework", "{C92324D5-51C8-4FB6-B015-48B9839B3FB0}"
EndProject
Project("{2150E333-8FDC-42A3-9474-1A3956D46DE8}") = "Microservices", "Microservices", "{4501EF1F-0843-4478-9FA7-527255376D3C}"
EndProject
Project("{9A19103F-16F7-4668-BE54-9A1E7A4F7556}") = "Dtx", "Dtx\Dtx.csproj", "{BAE649AC-9CC6-41E3-A822-2B9D6B892811}"
EndProject
Project("{9A19103F-16F7-4668-BE54-9A1E7A4F7556}") = "Dtx.Logging", "Dtx.Logging\Dtx.Logging.csproj", "{C6E8A5D2-860F-4692-A178-5E9848426B0B}"
EndProject
Project("{2150E333-8FDC-42A3-9474-1A3956D46DE8}") = "LoggingMicroservice", "LoggingMicroservice", "{6E42DFD8-340B-451B-9871-10B7B7579954}"
EndProject
Project("{9A19103F-16F7-4668-BE54-9A1E7A4F7556}") = "LoggingMicroservice.Domain", "LoggingMicroservice.Domain\LoggingMicroservice.Domain.csproj", "{4317035D-60AF-4F83-82B5-83DAE5E06243}"
EndProject
Project("{2150E333-8FDC-42A3-9474-1A3956D46DE8}") = "Domain", "Domain", "{9532D547-83CB-4D39-A2E7-324828FD1C88}"
EndProject
Project("{2150E333-8FDC-42A3-9474-1A3956D46DE8}") = "Core", "Core", "{FB4766BD-A9E0-43B7-9257-0663490FFB2F}"
EndProject
Project("{9A19103F-16F7-4668-BE54-9A1E7A4F7556}") = "LoggingMicroservice.Core", "LoggingMicroservice.Core\LoggingMicroservice.Core.csproj", "{ABAE3EF4-F921-429B-9C4E-8F0A1F2CA365}"
EndProject
Project("{2150E333-8FDC-42A3-9474-1A3956D46DE8}") = "Persistence", "Persistence", "{A05C3021-E545-4539-99A8-602A3729F459}"
	ProjectSection(SolutionItems) = preProject
		LoggingMicroservice.Persistence\IUnitOfWork.cs = LoggingMicroservice.Persistence\IUnitOfWork.cs
	EndProjectSection
EndProject
Project("{9A19103F-16F7-4668-BE54-9A1E7A4F7556}") = "LoggingMicroservice.Persistence", "LoggingMicroservice.Persistence\LoggingMicroservice.Persistence.csproj", "{E00B04F9-99B4-4B59-BC2B-BD1A4E475ACB}"
EndProject
Project("{2150E333-8FDC-42A3-9474-1A3956D46DE8}") = "Api", "Api", "{42F3F1CA-EA2F-4C26-A3DE-CDF86E7DE530}"
EndProject
Project("{9A19103F-16F7-4668-BE54-9A1E7A4F7556}") = "LoggingMicroservice.Api", "LoggingMicroservice.Api\LoggingMicroservice.Api.csproj", "{BDAB94A9-A850-40DD-904E-61E9E8C78381}"
EndProject
Project("{2150E333-8FDC-42A3-9474-1A3956D46DE8}") = "Application", "Application", "{0F2B25ED-5D18-4A2D-A1F8-830B21D8B2C2}"
EndProject
Project("{9A19103F-16F7-4668-BE54-9A1E7A4F7556}") = "LoggingMicroservice.Application", "LoggingMicroservice.Application\LoggingMicroservice.Application.csproj", "{E27C70EA-A1FA-479A-A6A8-B820F05EDEBB}"
EndProject
Project("{2150E333-8FDC-42A3-9474-1A3956D46DE8}") = "Resources", "Resources", "{BB390F92-FB39-4765-A81C-A9646D3512C5}"
EndProject
Project("{9A19103F-16F7-4668-BE54-9A1E7A4F7556}") = "LoggingMicroservice.Resources", "LoggingMicroservice.Resources\LoggingMicroservice.Resources.csproj", "{63A3E1BC-6554-4059-8D61-837ADF5969A4}"
EndProject
Project("{2150E333-8FDC-42A3-9474-1A3956D46DE8}") = "Documents", "Documents", "{A7E106CC-46A3-4244-BF46-3E411014CF7A}"
	ProjectSection(SolutionItems) = preProject
		DT - Microservice - Best Practice.docx = DT - Microservice - Best Practice.docx
	EndProjectSection
EndProject
Global
	GlobalSection(SolutionConfigurationPlatforms) = preSolution
		Debug|Any CPU = Debug|Any CPU
		Release|Any CPU = Release|Any CPU
	EndGlobalSection
	GlobalSection(ProjectConfigurationPlatforms) = postSolution
		{BAE649AC-9CC6-41E3-A822-2B9D6B892811}.Debug|Any CPU.ActiveCfg = Debug|Any CPU
		{BAE649AC-9CC6-41E3-A822-2B9D6B892811}.Debug|Any CPU.Build.0 = Debug|Any CPU
		{BAE649AC-9CC6-41E3-A822-2B9D6B892811}.Release|Any CPU.ActiveCfg = Release|Any CPU
		{BAE649AC-9CC6-41E3-A822-2B9D6B892811}.Release|Any CPU.Build.0 = Release|Any CPU
		{C6E8A5D2-860F-4692-A178-5E9848426B0B}.Debug|Any CPU.ActiveCfg = Debug|Any CPU
		{C6E8A5D2-860F-4692-A178-5E9848426B0B}.Debug|Any CPU.Build.0 = Debug|Any CPU
		{C6E8A5D2-860F-4692-A178-5E9848426B0B}.Release|Any CPU.ActiveCfg = Release|Any CPU
		{C6E8A5D2-860F-4692-A178-5E9848426B0B}.Release|Any CPU.Build.0 = Release|Any CPU
		{4317035D-60AF-4F83-82B5-83DAE5E06243}.Debug|Any CPU.ActiveCfg = Debug|Any CPU
		{4317035D-60AF-4F83-82B5-83DAE5E06243}.Debug|Any CPU.Build.0 = Debug|Any CPU
		{4317035D-60AF-4F83-82B5-83DAE5E06243}.Release|Any CPU.ActiveCfg = Release|Any CPU
		{4317035D-60AF-4F83-82B5-83DAE5E06243}.Release|Any CPU.Build.0 = Release|Any CPU
		{ABAE3EF4-F921-429B-9C4E-8F0A1F2CA365}.Debug|Any CPU.ActiveCfg = Debug|Any CPU
		{ABAE3EF4-F921-429B-9C4E-8F0A1F2CA365}.Debug|Any CPU.Build.0 = Debug|Any CPU
		{ABAE3EF4-F921-429B-9C4E-8F0A1F2CA365}.Release|Any CPU.ActiveCfg = Release|Any CPU
		{ABAE3EF4-F921-429B-9C4E-8F0A1F2CA365}.Release|Any CPU.Build.0 = Release|Any CPU
		{E00B04F9-99B4-4B59-BC2B-BD1A4E475ACB}.Debug|Any CPU.ActiveCfg = Debug|Any CPU
		{E00B04F9-99B4-4B59-BC2B-BD1A4E475ACB}.Debug|Any CPU.Build.0 = Debug|Any CPU
		{E00B04F9-99B4-4B59-BC2B-BD1A4E475ACB}.Release|Any CPU.ActiveCfg = Release|Any CPU
		{E00B04F9-99B4-4B59-BC2B-BD1A4E475ACB}.Release|Any CPU.Build.0 = Release|Any CPU
		{BDAB94A9-A850-40DD-904E-61E9E8C78381}.Debug|Any CPU.ActiveCfg = Debug|Any CPU
		{BDAB94A9-A850-40DD-904E-61E9E8C78381}.Debug|Any CPU.Build.0 = Debug|Any CPU
		{BDAB94A9-A850-40DD-904E-61E9E8C78381}.Release|Any CPU.ActiveCfg = Release|Any CPU
		{BDAB94A9-A850-40DD-904E-61E9E8C78381}.Release|Any CPU.Build.0 = Release|Any CPU
		{E27C70EA-A1FA-479A-A6A8-B820F05EDEBB}.Debug|Any CPU.ActiveCfg = Debug|Any CPU
		{E27C70EA-A1FA-479A-A6A8-B820F05EDEBB}.Debug|Any CPU.Build.0 = Debug|Any CPU
		{E27C70EA-A1FA-479A-A6A8-B820F05EDEBB}.Release|Any CPU.ActiveCfg = Release|Any CPU
		{E27C70EA-A1FA-479A-A6A8-B820F05EDEBB}.Release|Any CPU.Build.0 = Release|Any CPU
		{63A3E1BC-6554-4059-8D61-837ADF5969A4}.Debug|Any CPU.ActiveCfg = Debug|Any CPU
		{63A3E1BC-6554-4059-8D61-837ADF5969A4}.Debug|Any CPU.Build.0 = Debug|Any CPU
		{63A3E1BC-6554-4059-8D61-837ADF5969A4}.Release|Any CPU.ActiveCfg = Release|Any CPU
		{63A3E1BC-6554-4059-8D61-837ADF5969A4}.Release|Any CPU.Build.0 = Release|Any CPU
	EndGlobalSection
	GlobalSection(SolutionProperties) = preSolution
		HideSolutionNode = FALSE
	EndGlobalSection
	GlobalSection(NestedProjects) = preSolution
		{BAE649AC-9CC6-41E3-A822-2B9D6B892811} = {C92324D5-51C8-4FB6-B015-48B9839B3FB0}
		{C6E8A5D2-860F-4692-A178-5E9848426B0B} = {C92324D5-51C8-4FB6-B015-48B9839B3FB0}
		{6E42DFD8-340B-451B-9871-10B7B7579954} = {4501EF1F-0843-4478-9FA7-527255376D3C}
		{4317035D-60AF-4F83-82B5-83DAE5E06243} = {9532D547-83CB-4D39-A2E7-324828FD1C88}
		{9532D547-83CB-4D39-A2E7-324828FD1C88} = {6E42DFD8-340B-451B-9871-10B7B7579954}
		{FB4766BD-A9E0-43B7-9257-0663490FFB2F} = {6E42DFD8-340B-451B-9871-10B7B7579954}
		{ABAE3EF4-F921-429B-9C4E-8F0A1F2CA365} = {FB4766BD-A9E0-43B7-9257-0663490FFB2F}
		{A05C3021-E545-4539-99A8-602A3729F459} = {6E42DFD8-340B-451B-9871-10B7B7579954}
		{E00B04F9-99B4-4B59-BC2B-BD1A4E475ACB} = {A05C3021-E545-4539-99A8-602A3729F459}
		{42F3F1CA-EA2F-4C26-A3DE-CDF86E7DE530} = {6E42DFD8-340B-451B-9871-10B7B7579954}
		{BDAB94A9-A850-40DD-904E-61E9E8C78381} = {42F3F1CA-EA2F-4C26-A3DE-CDF86E7DE530}
		{0F2B25ED-5D18-4A2D-A1F8-830B21D8B2C2} = {6E42DFD8-340B-451B-9871-10B7B7579954}
		{E27C70EA-A1FA-479A-A6A8-B820F05EDEBB} = {0F2B25ED-5D18-4A2D-A1F8-830B21D8B2C2}
		{BB390F92-FB39-4765-A81C-A9646D3512C5} = {6E42DFD8-340B-451B-9871-10B7B7579954}
		{63A3E1BC-6554-4059-8D61-837ADF5969A4} = {BB390F92-FB39-4765-A81C-A9646D3512C5}
	EndGlobalSection
	GlobalSection(ExtensibilityGlobals) = postSolution
		SolutionGuid = {7E088173-D728-4A4E-95EC-955F119850FC}
	EndGlobalSection
EndGlobal
